
Microsoft Visual Studio Solution File, Format Version 12.00
# Visual Studio Version 17
VisualStudioVersion = 17.14.36310.24 d17.14
MinimumVisualStudioVersion = 10.0.40219.1
Project("{FAE04EC0-301F-11D3-BF4B-00C04F79EFBC}") = "Tests", "Tests.csproj", "{272D2426-16DF-4D8D-9776-E2DE4FD1DFA4}"
EndProject
Global
	GlobalSection(SolutionConfigurationPlatforms) = preSolution
		Debug|Any CPU = Debug|Any CPU
		Release|Any CPU = Release|Any CPU
	EndGlobalSection
	GlobalSection(ProjectConfigurationPlatforms) = postSolution
		{272D2426-16DF-4D8D-9776-E2DE4FD1DFA4}.Debug|Any CPU.ActiveCfg = Debug|Any CPU
		{272D2426-16DF-4D8D-9776-E2DE4FD1DFA4}.Debug|Any CPU.Build.0 = Debug|Any CPU
		{272D2426-16DF-4D8D-9776-E2DE4FD1DFA4}.Release|Any CPU.ActiveCfg = Release|Any CPU
		{272D2426-16DF-4D8D-9776-E2DE4FD1DFA4}.Release|Any CPU.Build.0 = Release|Any CPU
	EndGlobalSection
	GlobalSection(SolutionProperties) = preSolution
		HideSolutionNode = FALSE
	EndGlobalSection
	GlobalSection(ExtensibilityGlobals) = postSolution
		SolutionGuid = {19430891-667D-4B9F-9D47-0D590BAAEDBC}
	EndGlobalSection
EndGlobal
